
Microsoft Visual Studio Solution File, Format Version 12.00
# Visual Studio Version 16
VisualStudioVersion = 16.0.30717.126
MinimumVisualStudioVersion = 10.0.40219.1
Project("{FAE04EC0-301F-11D3-BF4B-00C04F79EFBC}") = "DotUrl", "DotUrl\DotUrl.csproj", "{05B76FF9-FE12-433D-8E04-04367294E657}"
EndProject
Global
	GlobalSection(SolutionConfigurationPlatforms) = preSolution
		Debug|Any CPU = Debug|Any CPU
		Release|Any CPU = Release|Any CPU
	EndGlobalSection
	GlobalSection(ProjectConfigurationPlatforms) = postSolution
		{05B76FF9-FE12-433D-8E04-04367294E657}.Debug|Any CPU.ActiveCfg = Debug|Any CPU
		{05B76FF9-FE12-433D-8E04-04367294E657}.Debug|Any CPU.Build.0 = Debug|Any CPU
		{05B76FF9-FE12-433D-8E04-04367294E657}.Release|Any CPU.ActiveCfg = Release|Any CPU
		{05B76FF9-FE12-433D-8E04-04367294E657}.Release|Any CPU.Build.0 = Release|Any CPU
	EndGlobalSection
	GlobalSection(SolutionProperties) = preSolution
		HideSolutionNode = FALSE
	EndGlobalSection
	GlobalSection(ExtensibilityGlobals) = postSolution
		SolutionGuid = {F5F4606B-D9A3-4F68-821A-E24AED9C3F20}
	EndGlobalSection
EndGlobal
